<?xml version="1.0" encoding="utf-8"?>
<Project ToolsVersion="17.0" xmlns="http://schemas.microsoft.com/developer/msbuild/2003">
  <ItemGroup>
    <CustomBuild Include="D:\repos\cakeMP\CakeMPServer\CMakeFiles\4e052b7000ed4189875aa26b4102e107\generate.stamp.rule">
      <Filter>CMake Rules</Filter>
    </CustomBuild>
  </ItemGroup>
  <ItemGroup>
    <Filter Include="CMake Rules">
      <UniqueIdentifier>{0784FF81-EC49-3AB5-AC4D-1DB9DAD04089}</UniqueIdentifier>
    </Filter>
  </ItemGroup>
</Project>
